{
  "meteor": {},
  "dependencies": {
    "basePackages": {
      "accounts-ui-bootstrap-3": {}
    },
    "packages": {
      "accounts-ui-bootstrap-3": {
        "git": "https://github.com/mangasocial/meteor-accounts-ui-bootstrap-3.git",
        "tag": "v0.3.5",
        "commit": "bbd0a8a46ae02526c2ebfee05fa8075d8d04a9ba"
      }
    }
  }
}
